
Microsoft Visual Studio Solution File, Format Version 12.00
# Visual Studio Version 16
VisualStudioVersion = 16.0.30011.22
MinimumVisualStudioVersion = 10.0.40219.1
Project("{FAE04EC0-301F-11D3-BF4B-00C04F79EFBC}") = "UI", "UI.csproj", "{04898056-FE31-408E-B1A4-806B7E0EC813}"
EndProject
Project("{FAE04EC0-301F-11D3-BF4B-00C04F79EFBC}") = "BLL", "..\BLL\BLL.csproj", "{BD0423AE-E520-46F5-9306-1419FA3FB525}"
EndProject
Project("{FAE04EC0-301F-11D3-BF4B-00C04F79EFBC}") = "DAL", "..\DAL\DAL.csproj", "{3A81F135-A149-4FA7-939A-1F99E7784745}"
EndProject
Project("{FAE04EC0-301F-11D3-BF4B-00C04F79EFBC}") = "MODELO", "..\MODELO\MODELO.csproj", "{BEA10785-3295-45CB-8D03-F5FB0E509BC0}"
EndProject
Global
	GlobalSection(SolutionConfigurationPlatforms) = preSolution
		Debug|Any CPU = Debug|Any CPU
		Release|Any CPU = Release|Any CPU
	EndGlobalSection
	GlobalSection(ProjectConfigurationPlatforms) = postSolution
		{04898056-FE31-408E-B1A4-806B7E0EC813}.Debug|Any CPU.ActiveCfg = Debug|Any CPU
		{04898056-FE31-408E-B1A4-806B7E0EC813}.Debug|Any CPU.Build.0 = Debug|Any CPU
		{04898056-FE31-408E-B1A4-806B7E0EC813}.Release|Any CPU.ActiveCfg = Release|Any CPU
		{04898056-FE31-408E-B1A4-806B7E0EC813}.Release|Any CPU.Build.0 = Release|Any CPU
		{BD0423AE-E520-46F5-9306-1419FA3FB525}.Debug|Any CPU.ActiveCfg = Debug|Any CPU
		{BD0423AE-E520-46F5-9306-1419FA3FB525}.Debug|Any CPU.Build.0 = Debug|Any CPU
		{BD0423AE-E520-46F5-9306-1419FA3FB525}.Release|Any CPU.ActiveCfg = Release|Any CPU
		{BD0423AE-E520-46F5-9306-1419FA3FB525}.Release|Any CPU.Build.0 = Release|Any CPU
		{3A81F135-A149-4FA7-939A-1F99E7784745}.Debug|Any CPU.ActiveCfg = Debug|Any CPU
		{3A81F135-A149-4FA7-939A-1F99E7784745}.Debug|Any CPU.Build.0 = Debug|Any CPU
		{3A81F135-A149-4FA7-939A-1F99E7784745}.Release|Any CPU.ActiveCfg = Release|Any CPU
		{3A81F135-A149-4FA7-939A-1F99E7784745}.Release|Any CPU.Build.0 = Release|Any CPU
		{BEA10785-3295-45CB-8D03-F5FB0E509BC0}.Debug|Any CPU.ActiveCfg = Debug|Any CPU
		{BEA10785-3295-45CB-8D03-F5FB0E509BC0}.Debug|Any CPU.Build.0 = Debug|Any CPU
		{BEA10785-3295-45CB-8D03-F5FB0E509BC0}.Release|Any CPU.ActiveCfg = Release|Any CPU
		{BEA10785-3295-45CB-8D03-F5FB0E509BC0}.Release|Any CPU.Build.0 = Release|Any CPU
	EndGlobalSection
	GlobalSection(SolutionProperties) = preSolution
		HideSolutionNode = FALSE
	EndGlobalSection
	GlobalSection(ExtensibilityGlobals) = postSolution
		SolutionGuid = {36D9FF42-95A3-44FA-947B-ECACA7D7C8C0}
	EndGlobalSection
EndGlobal
